# This file is automatically @generated by Cargo.
# It is not intended for manual editing.
version = 4

[[package]]
name = "generate"
version = "0.1.1"

[[package]]
name = "unsafe-tools"
version = "0.1.1"
dependencies = [
 "unsafe-tools-canary",
 "unsafe-tools-mimic",
]

[[package]]
name = "unsafe-tools-canary"
version = "0.1.1"

[[package]]
name = "unsafe-tools-mimic"
version = "0.1.1"
